
Microsoft Visual Studio Solution File, Format Version 12.00
# Visual Studio Version 16
VisualStudioVersion = 16.0.35325.158
MinimumVisualStudioVersion = 10.0.40219.1
Project("{FAE04EC0-301F-11D3-BF4B-00C04F79EFBC}") = "GerarIBPTaxJSON", "GerarIBPTaxJSON.csproj", "{0A7A713E-C1B3-4E03-948A-C8F611D4683D}"
EndProject
Global
	GlobalSection(SolutionConfigurationPlatforms) = preSolution
		Debug|Any CPU = Debug|Any CPU
		Release|Any CPU = Release|Any CPU
	EndGlobalSection
	GlobalSection(ProjectConfigurationPlatforms) = postSolution
		{0A7A713E-C1B3-4E03-948A-C8F611D4683D}.Debug|Any CPU.ActiveCfg = Debug|Any CPU
		{0A7A713E-C1B3-4E03-948A-C8F611D4683D}.Debug|Any CPU.Build.0 = Debug|Any CPU
		{0A7A713E-C1B3-4E03-948A-C8F611D4683D}.Release|Any CPU.ActiveCfg = Release|Any CPU
		{0A7A713E-C1B3-4E03-948A-C8F611D4683D}.Release|Any CPU.Build.0 = Release|Any CPU
	EndGlobalSection
	GlobalSection(SolutionProperties) = preSolution
		HideSolutionNode = FALSE
	EndGlobalSection
	GlobalSection(ExtensibilityGlobals) = postSolution
		SolutionGuid = {52BA10AA-4CB1-444E-BC1B-5B34A71FFE99}
	EndGlobalSection
EndGlobal
